{
  "object": {
    "pins": [
      {
        "package": "YubiKit",
        "repositoryURL": "https://github.com/Yubico/yubikit-ios",
        "state": {
          "branch": "master",
          "revision": "7e75fe8f057acf9bf7ac134d375783a1d409f79e",
          "version": null
        }
      }
    ]
  },
  "version": 1
}
